# This file is automatically @generated by Cargo.
# It is not intended for manual editing.
version = 3

[[package]]
name = "ipv4-heatmap"
version = "0.1.0"
dependencies = [
 "rustbitmap",
]

[[package]]
name = "rustbitmap"
version = "0.1.0"
source = "registry+https://github.com/rust-lang/crates.io-index"
checksum = "47d3a52b234d7db1aab69522b2efddf700fedca545a6eac58648724aefa211be"
